// !$*UTF8*$!
{
	archiveVersion = 1;
	classes = {
	};
	objectVersion = 56;
	objects = {

/* Begin PBXBuildFile section */
		4C4C8DFE29D33FDF0014C818 /* noResults.json in Resources */ = {isa = PBXBuildFile; fileRef = 4C4C8DFD29D33FDF0014C818 /* noResults.json */; };
		4C4C8E0029D340080014C818 /* AnimationView.swift in Sources */ = {isa = PBXBuildFile; fileRef = 4C4C8DFF29D340080014C818 /* AnimationView.swift */; };
		4C619E4A29C1FD85007D22A4 /* LabelAndTextFieldView.swift in Sources */ = {isa = PBXBuildFile; fileRef = 4C619E4929C1FD85007D22A4 /* LabelAndTextFieldView.swift */; };
		4C7CE13F2A0AB87E00276B14 /* CreateAndEditNotesViewController.swift in Sources */ = {isa = PBXBuildFile; fileRef = 4C7CE13E2A0AB87E00276B14 /* CreateAndEditNotesViewController.swift */; };
		4C7CE1412A0AC14C00276B14 /* AnnotationModel.swift in Sources */ = {isa = PBXBuildFile; fileRef = 4C7CE1402A0AC14C00276B14 /* AnnotationModel.swift */; };
		4CA4CEE8299861CB0000FA6E /* AppDelegate.swift in Sources */ = {isa = PBXBuildFile; fileRef = 4CA4CEE7299861CB0000FA6E /* AppDelegate.swift */; };
		4CA4CEEC299861CB0000FA6E /* NoteViewController.swift in Sources */ = {isa = PBXBuildFile; fileRef = 4CA4CEEB299861CB0000FA6E /* NoteViewController.swift */; };
		4CA4CEF2299861CB0000FA6E /* ToDoList.xcdatamodeld in Sources */ = {isa = PBXBuildFile; fileRef = 4CA4CEF0299861CB0000FA6E /* ToDoList.xcdatamodeld */; };
		4CA4CEF4299861CC0000FA6E /* Assets.xcassets in Resources */ = {isa = PBXBuildFile; fileRef = 4CA4CEF3299861CC0000FA6E /* Assets.xcassets */; };
		4CA4CEF7299861CC0000FA6E /* LaunchScreen.storyboard in Resources */ = {isa = PBXBuildFile; fileRef = 4CA4CEF5299861CC0000FA6E /* LaunchScreen.storyboard */; };
		4CA4CEFF299863830000FA6E /* TableViewCell.swift in Sources */ = {isa = PBXBuildFile; fileRef = 4CA4CEFE299863830000FA6E /* TableViewCell.swift */; };
		4CA4CF02299865E10000FA6E /* DataController.swift in Sources */ = {isa = PBXBuildFile; fileRef = 4CA4CF01299865E10000FA6E /* DataController.swift */; };
		4CA4CF0629986AE20000FA6E /* NotesViewModel.swift in Sources */ = {isa = PBXBuildFile; fileRef = 4CA4CF0529986AE20000FA6E /* NotesViewModel.swift */; };
		4CBA20C729C104B400F74ED1 /* ExtensionsUiViewController.swift in Sources */ = {isa = PBXBuildFile; fileRef = 4CBA20C629C104B400F74ED1 /* ExtensionsUiViewController.swift */; };
		4CBA20C929C1057100F74ED1 /* Colors.swift in Sources */ = {isa = PBXBuildFile; fileRef = 4CBA20C829C1057100F74ED1 /* Colors.swift */; };
		7082F13E85B5DEDAA0DDBAD1 /* Pods_ToDoList.framework in Frameworks */ = {isa = PBXBuildFile; fileRef = 742DD52446F4D7DC9BAA14BC /* Pods_ToDoList.framework */; };
/* End PBXBuildFile section */

/* Begin PBXContainerItemProxy section */
		4CB42BE22A1D7A5500CC1FFF /* PBXContainerItemProxy */ = {
			isa = PBXContainerItemProxy;
			containerPortal = 4CA4CEDC299861CB0000FA6E /* Project object */;
			proxyType = 1;
			remoteGlobalIDString = 4CA4CEE3299861CB0000FA6E;
			remoteInfo = ToDoList;
		};
/* End PBXContainerItemProxy section */

/* Begin PBXFileReference section */
		4C4C8DFD29D33FDF0014C818 /* noResults.json */ = {isa = PBXFileReference; fileEncoding = 4; lastKnownFileType = text.json; path = noResults.json; sourceTree = "<group>"; };
		4C4C8DFF29D340080014C818 /* AnimationView.swift */ = {isa = PBXFileReference; lastKnownFileType = sourcecode.swift; path = AnimationView.swift; sourceTree = "<group>"; };
		4C619E4929C1FD85007D22A4 /* LabelAndTextFieldView.swift */ = {isa = PBXFileReference; lastKnownFileType = sourcecode.swift; path = LabelAndTextFieldView.swift; sourceTree = "<group>"; };
		4C7CE13E2A0AB87E00276B14 /* CreateAndEditNotesViewController.swift */ = {isa = PBXFileReference; lastKnownFileType = sourcecode.swift; path = CreateAndEditNotesViewController.swift; sourceTree = "<group>"; };
		4C7CE1402A0AC14C00276B14 /* AnnotationModel.swift */ = {isa = PBXFileReference; lastKnownFileType = sourcecode.swift; path = AnnotationModel.swift; sourceTree = "<group>"; };
		4CA4CEE4299861CB0000FA6E /* ToDoList.app */ = {isa = PBXFileReference; explicitFileType = wrapper.application; includeInIndex = 0; path = ToDoList.app; sourceTree = BUILT_PRODUCTS_DIR; };
		4CA4CEE7299861CB0000FA6E /* AppDelegate.swift */ = {isa = PBXFileReference; lastKnownFileType = sourcecode.swift; path = AppDelegate.swift; sourceTree = "<group>"; };
		4CA4CEEB299861CB0000FA6E /* NoteViewController.swift */ = {isa = PBXFileReference; lastKnownFileType = sourcecode.swift; path = NoteViewController.swift; sourceTree = "<group>"; };
		4CA4CEF1299861CB0000FA6E /* ToDoList.xcdatamodel */ = {isa = PBXFileReference; lastKnownFileType = wrapper.xcdatamodel; path = ToDoList.xcdatamodel; sourceTree = "<group>"; };
		4CA4CEF3299861CC0000FA6E /* Assets.xcassets */ = {isa = PBXFileReference; lastKnownFileType = folder.assetcatalog; path = Assets.xcassets; sourceTree = "<group>"; };
		4CA4CEF6299861CC0000FA6E /* Base */ = {isa = PBXFileReference; lastKnownFileType = file.storyboard; name = Base; path = Base.lproj/LaunchScreen.storyboard; sourceTree = "<group>"; };
		4CA4CEF8299861CC0000FA6E /* Info.plist */ = {isa = PBXFileReference; lastKnownFileType = text.plist.xml; path = Info.plist; sourceTree = "<group>"; };
		4CA4CEFE299863830000FA6E /* TableViewCell.swift */ = {isa = PBXFileReference; lastKnownFileType = sourcecode.swift; path = TableViewCell.swift; sourceTree = "<group>"; };
		4CA4CF01299865E10000FA6E /* DataController.swift */ = {isa = PBXFileReference; lastKnownFileType = sourcecode.swift; path = DataController.swift; sourceTree = "<group>"; };
		4CA4CF0529986AE20000FA6E /* NotesViewModel.swift */ = {isa = PBXFileReference; lastKnownFileType = sourcecode.swift; path = NotesViewModel.swift; sourceTree = "<group>"; };
		4CB42BDE2A1D7A5500CC1FFF /* ToDoListTests.xctest */ = {isa = PBXFileReference; explicitFileType = wrapper.cfbundle; includeInIndex = 0; path = ToDoListTests.xctest; sourceTree = BUILT_PRODUCTS_DIR; };
		4CBA20C629C104B400F74ED1 /* ExtensionsUiViewController.swift */ = {isa = PBXFileReference; lastKnownFileType = sourcecode.swift; path = ExtensionsUiViewController.swift; sourceTree = "<group>"; };
		4CBA20C829C1057100F74ED1 /* Colors.swift */ = {isa = PBXFileReference; lastKnownFileType = sourcecode.swift; path = Colors.swift; sourceTree = "<group>"; };
		742DD52446F4D7DC9BAA14BC /* Pods_ToDoList.framework */ = {isa = PBXFileReference; explicitFileType = wrapper.framework; includeInIndex = 0; path = Pods_ToDoList.framework; sourceTree = BUILT_PRODUCTS_DIR; };
		C0F816153AE8BFAFB07FB9AE /* Pods-ToDoList.release.xcconfig */ = {isa = PBXFileReference; includeInIndex = 1; lastKnownFileType = text.xcconfig; name = "Pods-ToDoList.release.xcconfig"; path = "Target Support Files/Pods-ToDoList/Pods-ToDoList.release.xcconfig"; sourceTree = "<group>"; };
		FF32393D9312E7C1FAC7ED11 /* Pods-ToDoList.debug.xcconfig */ = {isa = PBXFileReference; includeInIndex = 1; lastKnownFileType = text.xcconfig; name = "Pods-ToDoList.debug.xcconfig"; path = "Target Support Files/Pods-ToDoList/Pods-ToDoList.debug.xcconfig"; sourceTree = "<group>"; };
/* End PBXFileReference section */

/* Begin PBXFrameworksBuildPhase section */
		4CA4CEE1299861CB0000FA6E /* Frameworks */ = {
			isa = PBXFrameworksBuildPhase;
			buildActionMask = 2147483647;
			files = (
				7082F13E85B5DEDAA0DDBAD1 /* Pods_ToDoList.framework in Frameworks */,
			);
			runOnlyForDeploymentPostprocessing = 0;
		};
		4CB42BDB2A1D7A5500CC1FFF /* Frameworks */ = {
			isa = PBXFrameworksBuildPhase;
			buildActionMask = 2147483647;
			files = (
			);
			runOnlyForDeploymentPostprocessing = 0;
		};
/* End PBXFrameworksBuildPhase section */

/* Begin PBXGroup section */
		1DE7DE25A52308419F53A9D1 /* Frameworks */ = {
			isa = PBXGroup;
			children = (
				742DD52446F4D7DC9BAA14BC /* Pods_ToDoList.framework */,
			);
			name = Frameworks;
			sourceTree = "<group>";
		};
		4CA4CEDB299861CB0000FA6E = {
			isa = PBXGroup;
			children = (
				4CA4CEE6299861CB0000FA6E /* ToDoList */,
				4CA4CEE5299861CB0000FA6E /* Products */,
				83E82493C6BB904888477355 /* Pods */,
				1DE7DE25A52308419F53A9D1 /* Frameworks */,
			);
			sourceTree = "<group>";
		};
		4CA4CEE5299861CB0000FA6E /* Products */ = {
			isa = PBXGroup;
			children = (
				4CA4CEE4299861CB0000FA6E /* ToDoList.app */,
				4CB42BDE2A1D7A5500CC1FFF /* ToDoListTests.xctest */,
			);
			name = Products;
			sourceTree = "<group>";
		};
		4CA4CEE6299861CB0000FA6E /* ToDoList */ = {
			isa = PBXGroup;
			children = (
				4CCFE0162A019064009DD49E /* View */,
				4CCFE0152A01905C009DD49E /* Enum */,
				4CCFE0132A018FDC009DD49E /* AnimationNoResults */,
				4CCFE0102A018FB9009DD49E /* ViewModel */,
				4CCFE00D2A018F95009DD49E /* Components */,
				4CA4CF00299865C60000FA6E /* DataController */,
				4CCFE0142A019000009DD49E /* Extension */,
				4CA4CEE7299861CB0000FA6E /* AppDelegate.swift */,
				4CA4CEF3299861CC0000FA6E /* Assets.xcassets */,
				4CA4CEF5299861CC0000FA6E /* LaunchScreen.storyboard */,
				4CA4CEF8299861CC0000FA6E /* Info.plist */,
				4C7CE1402A0AC14C00276B14 /* AnnotationModel.swift */,
			);
			path = ToDoList;
			sourceTree = "<group>";
		};
		4CA4CF00299865C60000FA6E /* DataController */ = {
			isa = PBXGroup;
			children = (
				4CA4CEF0299861CB0000FA6E /* ToDoList.xcdatamodeld */,
				4CA4CF01299865E10000FA6E /* DataController.swift */,
			);
			path = DataController;
			sourceTree = "<group>";
		};
		4CCFE00D2A018F95009DD49E /* Components */ = {
			isa = PBXGroup;
			children = (
				4C619E4929C1FD85007D22A4 /* LabelAndTextFieldView.swift */,
			);
			path = Components;
			sourceTree = "<group>";
		};
		4CCFE0102A018FB9009DD49E /* ViewModel */ = {
			isa = PBXGroup;
			children = (
				4CA4CF0529986AE20000FA6E /* NotesViewModel.swift */,
			);
			path = ViewModel;
			sourceTree = "<group>";
		};
		4CCFE0132A018FDC009DD49E /* AnimationNoResults */ = {
			isa = PBXGroup;
			children = (
				4C4C8DFD29D33FDF0014C818 /* noResults.json */,
				4C4C8DFF29D340080014C818 /* AnimationView.swift */,
			);
			path = AnimationNoResults;
			sourceTree = "<group>";
		};
		4CCFE0142A019000009DD49E /* Extension */ = {
			isa = PBXGroup;
			children = (
				4CBA20C629C104B400F74ED1 /* ExtensionsUiViewController.swift */,
			);
			path = Extension;
			sourceTree = "<group>";
		};
		4CCFE0152A01905C009DD49E /* Enum */ = {
			isa = PBXGroup;
			children = (
				4CBA20C829C1057100F74ED1 /* Colors.swift */,
			);
			path = Enum;
			sourceTree = "<group>";
		};
		4CCFE0162A019064009DD49E /* View */ = {
			isa = PBXGroup;
			children = (
				4CA4CEFE299863830000FA6E /* TableViewCell.swift */,
				4CA4CEEB299861CB0000FA6E /* NoteViewController.swift */,
				4C7CE13E2A0AB87E00276B14 /* CreateAndEditNotesViewController.swift */,
			);
			path = View;
			sourceTree = "<group>";
		};
		83E82493C6BB904888477355 /* Pods */ = {
			isa = PBXGroup;
			children = (
				FF32393D9312E7C1FAC7ED11 /* Pods-ToDoList.debug.xcconfig */,
				C0F816153AE8BFAFB07FB9AE /* Pods-ToDoList.release.xcconfig */,
			);
			path = Pods;
			sourceTree = "<group>";
		};
/* End PBXGroup section */

/* Begin PBXNativeTarget section */
		4CA4CEE3299861CB0000FA6E /* ToDoList */ = {
			isa = PBXNativeTarget;
			buildConfigurationList = 4CA4CEFB299861CC0000FA6E /* Build configuration list for PBXNativeTarget "ToDoList" */;
			buildPhases = (
				02F4AEF19663C5E4C0080F2E /* [CP] Check Pods Manifest.lock */,
				4CA4CEE0299861CB0000FA6E /* Sources */,
				4CA4CEE1299861CB0000FA6E /* Frameworks */,
				4CA4CEE2299861CB0000FA6E /* Resources */,
				DE5F9DA6FEB8782B93792960 /* [CP] Embed Pods Frameworks */,
			);
			buildRules = (
			);
			dependencies = (
			);
			name = ToDoList;
			productName = ToDoList;
			productReference = 4CA4CEE4299861CB0000FA6E /* ToDoList.app */;
			productType = "com.apple.product-type.application";
		};
		4CB42BDD2A1D7A5500CC1FFF /* ToDoListTests */ = {
			isa = PBXNativeTarget;
			buildConfigurationList = 4CB42BE42A1D7A5500CC1FFF /* Build configuration list for PBXNativeTarget "ToDoListTests" */;
			buildPhases = (
				4CB42BDA2A1D7A5500CC1FFF /* Sources */,
				4CB42BDB2A1D7A5500CC1FFF /* Frameworks */,
				4CB42BDC2A1D7A5500CC1FFF /* Resources */,
			);
			buildRules = (
			);
			dependencies = (
				4CB42BE32A1D7A5500CC1FFF /* PBXTargetDependency */,
			);
			name = ToDoListTests;
			productName = ToDoListTests;
			productReference = 4CB42BDE2A1D7A5500CC1FFF /* ToDoListTests.xctest */;
			productType = "com.apple.product-type.bundle.unit-test";
		};
/* End PBXNativeTarget section */

/* Begin PBXProject section */
		4CA4CEDC299861CB0000FA6E /* Project object */ = {
			isa = PBXProject;
			attributes = {
				BuildIndependentTargetsInParallel = 1;
				LastSwiftUpdateCheck = 1420;
				LastUpgradeCheck = 1420;
				TargetAttributes = {
					4CA4CEE3299861CB0000FA6E = {
						CreatedOnToolsVersion = 14.2;
					};
					4CB42BDD2A1D7A5500CC1FFF = {
						CreatedOnToolsVersion = 14.2;
						TestTargetID = 4CA4CEE3299861CB0000FA6E;
					};
				};
			};
			buildConfigurationList = 4CA4CEDF299861CB0000FA6E /* Build configuration list for PBXProject "ToDoList" */;
			compatibilityVersion = "Xcode 14.0";
			developmentRegion = en;
			hasScannedForEncodings = 0;
			knownRegions = (
				en,
				Base,
			);
			mainGroup = 4CA4CEDB299861CB0000FA6E;
			productRefGroup = 4CA4CEE5299861CB0000FA6E /* Products */;
			projectDirPath = "";
			projectRoot = "";
			targets = (
				4CA4CEE3299861CB0000FA6E /* ToDoList */,
				4CB42BDD2A1D7A5500CC1FFF /* ToDoListTests */,
			);
		};
/* End PBXProject section */

/* Begin PBXResourcesBuildPhase section */
		4CA4CEE2299861CB0000FA6E /* Resources */ = {
			isa = PBXResourcesBuildPhase;
			buildActionMask = 2147483647;
			files = (
				4CA4CEF7299861CC0000FA6E /* LaunchScreen.storyboard in Resources */,
				4CA4CEF4299861CC0000FA6E /* Assets.xcassets in Resources */,
				4C4C8DFE29D33FDF0014C818 /* noResults.json in Resources */,
			);
			runOnlyForDeploymentPostprocessing = 0;
		};
		4CB42BDC2A1D7A5500CC1FFF /* Resources */ = {
			isa = PBXResourcesBuildPhase;
			buildActionMask = 2147483647;
			files = (
			);
			runOnlyForDeploymentPostprocessing = 0;
		};
/* End PBXResourcesBuildPhase section */

/* Begin PBXShellScriptBuildPhase section */
		02F4AEF19663C5E4C0080F2E /* [CP] Check Pods Manifest.lock */ = {
			isa = PBXShellScriptBuildPhase;
			buildActionMask = 2147483647;
			files = (
			);
			inputFileListPaths = (
			);
			inputPaths = (
				"${PODS_PODFILE_DIR_PATH}/Podfile.lock",
				"${PODS_ROOT}/Manifest.lock",
			);
			name = "[CP] Check Pods Manifest.lock";
			outputFileListPaths = (
			);
			outputPaths = (
				"$(DERIVED_FILE_DIR)/Pods-ToDoList-checkManifestLockResult.txt",
			);
			runOnlyForDeploymentPostprocessing = 0;
			shellPath = /bin/sh;
			shellScript = "diff \"${PODS_PODFILE_DIR_PATH}/Podfile.lock\" \"${PODS_ROOT}/Manifest.lock\" > /dev/null\nif [ $? != 0 ] ; then\n    # print error to STDERR\n    echo \"error: The sandbox is not in sync with the Podfile.lock. Run 'pod install' or update your CocoaPods installation.\" >&2\n    exit 1\nfi\n# This output is used by Xcode 'outputs' to avoid re-running this script phase.\necho \"SUCCESS\" > \"${SCRIPT_OUTPUT_FILE_0}\"\n";
			showEnvVarsInLog = 0;
		};
		DE5F9DA6FEB8782B93792960 /* [CP] Embed Pods Frameworks */ = {
			isa = PBXShellScriptBuildPhase;
			buildActionMask = 2147483647;
			files = (
			);
			inputFileListPaths = (
				"${PODS_ROOT}/Target Support Files/Pods-ToDoList/Pods-ToDoList-frameworks-${CONFIGURATION}-input-files.xcfilelist",
			);
			name = "[CP] Embed Pods Frameworks";
			outputFileListPaths = (
				"${PODS_ROOT}/Target Support Files/Pods-ToDoList/Pods-ToDoList-frameworks-${CONFIGURATION}-output-files.xcfilelist",
			);
			runOnlyForDeploymentPostprocessing = 0;
			shellPath = /bin/sh;
			shellScript = "\"${PODS_ROOT}/Target Support Files/Pods-ToDoList/Pods-ToDoList-frameworks.sh\"\n";
			showEnvVarsInLog = 0;
		};
/* End PBXShellScriptBuildPhase section */

/* Begin PBXSourcesBuildPhase section */
		4CA4CEE0299861CB0000FA6E /* Sources */ = {
			isa = PBXSourcesBuildPhase;
			buildActionMask = 2147483647;
			files = (
				4CBA20C729C104B400F74ED1 /* ExtensionsUiViewController.swift in Sources */,
				4CBA20C929C1057100F74ED1 /* Colors.swift in Sources */,
				4CA4CF02299865E10000FA6E /* DataController.swift in Sources */,
				4CA4CF0629986AE20000FA6E /* NotesViewModel.swift in Sources */,
				4CA4CEEC299861CB0000FA6E /* NoteViewController.swift in Sources */,
				4C619E4A29C1FD85007D22A4 /* LabelAndTextFieldView.swift in Sources */,
				4CA4CEFF299863830000FA6E /* TableViewCell.swift in Sources */,
				4CA4CEE8299861CB0000FA6E /* AppDelegate.swift in Sources */,
				4C4C8E0029D340080014C818 /* AnimationView.swift in Sources */,
				4C7CE1412A0AC14C00276B14 /* AnnotationModel.swift in Sources */,
				4C7CE13F2A0AB87E00276B14 /* CreateAndEditNotesViewController.swift in Sources */,
				4CA4CEF2299861CB0000FA6E /* ToDoList.xcdatamodeld in Sources */,
			);
			runOnlyForDeploymentPostprocessing = 0;
		};
		4CB42BDA2A1D7A5500CC1FFF /* Sources */ = {
			isa = PBXSourcesBuildPhase;
			buildActionMask = 2147483647;
			files = (
			);
			runOnlyForDeploymentPostprocessing = 0;
		};
/* End PBXSourcesBuildPhase section */

/* Begin PBXTargetDependency section */
		4CB42BE32A1D7A5500CC1FFF /* PBXTargetDependency */ = {
			isa = PBXTargetDependency;
			target = 4CA4CEE3299861CB0000FA6E /* ToDoList */;
			targetProxy = 4CB42BE22A1D7A5500CC1FFF /* PBXContainerItemProxy */;
		};
/* End PBXTargetDependency section */

/* Begin PBXVariantGroup section */
		4CA4CEF5299861CC0000FA6E /* LaunchScreen.storyboard */ = {
			isa = PBXVariantGroup;
			children = (
				4CA4CEF6299861CC0000FA6E /* Base */,
			);
			name = LaunchScreen.storyboard;
			sourceTree = "<group>";
		};
/* End PBXVariantGroup section */

/* Begin XCBuildConfiguration section */
		4CA4CEF9299861CC0000FA6E /* Debug */ = {
			isa = XCBuildConfiguration;
			buildSettings = {
				ALWAYS_SEARCH_USER_PATHS = NO;
				CLANG_ANALYZER_NONNULL = YES;
				CLANG_ANALYZER_NUMBER_OBJECT_CONVERSION = YES_AGGRESSIVE;
				CLANG_CXX_LANGUAGE_STANDARD = "gnu++20";
				CLANG_ENABLE_MODULES = YES;
				CLANG_ENABLE_OBJC_ARC = YES;
				CLANG_ENABLE_OBJC_WEAK = YES;
				CLANG_WARN_BLOCK_CAPTURE_AUTORELEASING = YES;
				CLANG_WARN_BOOL_CONVERSION = YES;
				CLANG_WARN_COMMA = YES;
				CLANG_WARN_CONSTANT_CONVERSION = YES;
				CLANG_WARN_DEPRECATED_OBJC_IMPLEMENTATIONS = YES;
				CLANG_WARN_DIRECT_OBJC_ISA_USAGE = YES_ERROR;
				CLANG_WARN_DOCUMENTATION_COMMENTS = YES;
				CLANG_WARN_EMPTY_BODY = YES;
				CLANG_WARN_ENUM_CONVERSION = YES;
				CLANG_WARN_INFINITE_RECURSION = YES;
				CLANG_WARN_INT_CONVERSION = YES;
				CLANG_WARN_NON_LITERAL_NULL_CONVERSION = YES;
				CLANG_WARN_OBJC_IMPLICIT_RETAIN_SELF = YES;
				CLANG_WARN_OBJC_LITERAL_CONVERSION = YES;
				CLANG_WARN_OBJC_ROOT_CLASS = YES_ERROR;
				CLANG_WARN_QUOTED_INCLUDE_IN_FRAMEWORK_HEADER = YES;
				CLANG_WARN_RANGE_LOOP_ANALYSIS = YES;
				CLANG_WARN_STRICT_PROTOTYPES = YES;
				CLANG_WARN_SUSPICIOUS_MOVE = YES;
				CLANG_WARN_UNGUARDED_AVAILABILITY = YES_AGGRESSIVE;
				CLANG_WARN_UNREACHABLE_CODE = YES;
				CLANG_WARN__DUPLICATE_METHOD_MATCH = YES;
				COPY_PHASE_STRIP = NO;
				DEBUG_INFORMATION_FORMAT = dwarf;
				ENABLE_STRICT_OBJC_MSGSEND = YES;
				ENABLE_TESTABILITY = YES;
				GCC_C_LANGUAGE_STANDARD = gnu11;
				GCC_DYNAMIC_NO_PIC = NO;
				GCC_NO_COMMON_BLOCKS = YES;
				GCC_OPTIMIZATION_LEVEL = 0;
				GCC_PREPROCESSOR_DEFINITIONS = (
					"DEBUG=1",
					"$(inherited)",
				);
				GCC_WARN_64_TO_32_BIT_CONVERSION = YES;
				GCC_WARN_ABOUT_RETURN_TYPE = YES_ERROR;
				GCC_WARN_UNDECLARED_SELECTOR = YES;
				GCC_WARN_UNINITIALIZED_AUTOS = YES_AGGRESSIVE;
				GCC_WARN_UNUSED_FUNCTION = YES;
				GCC_WARN_UNUSED_VARIABLE = YES;
				IPHONEOS_DEPLOYMENT_TARGET = 16.2;
				MTL_ENABLE_DEBUG_INFO = INCLUDE_SOURCE;
				MTL_FAST_MATH = YES;
				ONLY_ACTIVE_ARCH = YES;
				SDKROOT = iphoneos;
				SWIFT_ACTIVE_COMPILATION_CONDITIONS = DEBUG;
				SWIFT_OPTIMIZATION_LEVEL = "-Onone";
			};
			name = Debug;
		};
		4CA4CEFA299861CC0000FA6E /* Release */ = {
			isa = XCBuildConfiguration;
			buildSettings = {
				ALWAYS_SEARCH_USER_PATHS = NO;
				CLANG_ANALYZER_NONNULL = YES;
				CLANG_ANALYZER_NUMBER_OBJECT_CONVERSION = YES_AGGRESSIVE;
				CLANG_CXX_LANGUAGE_STANDARD = "gnu++20";
				CLANG_ENABLE_MODULES = YES;
				CLANG_ENABLE_OBJC_ARC = YES;
				CLANG_ENABLE_OBJC_WEAK = YES;
				CLANG_WARN_BLOCK_CAPTURE_AUTORELEASING = YES;
				CLANG_WARN_BOOL_CONVERSION = YES;
				CLANG_WARN_COMMA = YES;
				CLANG_WARN_CONSTANT_CONVERSION = YES;
				CLANG_WARN_DEPRECATED_OBJC_IMPLEMENTATIONS = YES;
				CLANG_WARN_DIRECT_OBJC_ISA_USAGE = YES_ERROR;
				CLANG_WARN_DOCUMENTATION_COMMENTS = YES;
				CLANG_WARN_EMPTY_BODY = YES;
				CLANG_WARN_ENUM_CONVERSION = YES;
				CLANG_WARN_INFINITE_RECURSION = YES;
				CLANG_WARN_INT_CONVERSION = YES;
				CLANG_WARN_NON_LITERAL_NULL_CONVERSION = YES;
				CLANG_WARN_OBJC_IMPLICIT_RETAIN_SELF = YES;
				CLANG_WARN_OBJC_LITERAL_CONVERSION = YES;
				CLANG_WARN_OBJC_ROOT_CLASS = YES_ERROR;
				CLANG_WARN_QUOTED_INCLUDE_IN_FRAMEWORK_HEADER = YES;
				CLANG_WARN_RANGE_LOOP_ANALYSIS = YES;
				CLANG_WARN_STRICT_PROTOTYPES = YES;
				CLANG_WARN_SUSPICIOUS_MOVE = YES;
				CLANG_WARN_UNGUARDED_AVAILABILITY = YES_AGGRESSIVE;
				CLANG_WARN_UNREACHABLE_CODE = YES;
				CLANG_WARN__DUPLICATE_METHOD_MATCH = YES;
				COPY_PHASE_STRIP = NO;
				DEBUG_INFORMATION_FORMAT = "dwarf-with-dsym";
				ENABLE_NS_ASSERTIONS = NO;
				ENABLE_STRICT_OBJC_MSGSEND = YES;
				GCC_C_LANGUAGE_STANDARD = gnu11;
				GCC_NO_COMMON_BLOCKS = YES;
				GCC_WARN_64_TO_32_BIT_CONVERSION = YES;
				GCC_WARN_ABOUT_RETURN_TYPE = YES_ERROR;
				GCC_WARN_UNDECLARED_SELECTOR = YES;
				GCC_WARN_UNINITIALIZED_AUTOS = YES_AGGRESSIVE;
				GCC_WARN_UNUSED_FUNCTION = YES;
				GCC_WARN_UNUSED_VARIABLE = YES;
				IPHONEOS_DEPLOYMENT_TARGET = 16.2;
				MTL_ENABLE_DEBUG_INFO = NO;
				MTL_FAST_MATH = YES;
				SDKROOT = iphoneos;
				SWIFT_COMPILATION_MODE = wholemodule;
				SWIFT_OPTIMIZATION_LEVEL = "-O";
				VALIDATE_PRODUCT = YES;
			};
			name = Release;
		};
		4CA4CEFC299861CC0000FA6E /* Debug */ = {
			isa = XCBuildConfiguration;
			baseConfigurationReference = FF32393D9312E7C1FAC7ED11 /* Pods-ToDoList.debug.xcconfig */;
			buildSettings = {
				ASSETCATALOG_COMPILER_APPICON_NAME = AppIcon;
				ASSETCATALOG_COMPILER_GLOBAL_ACCENT_COLOR_NAME = AccentColor;
				CODE_SIGN_STYLE = Automatic;
				CURRENT_PROJECT_VERSION = 1;
				DEVELOPMENT_TEAM = 7NMU3M6S29;
				GENERATE_INFOPLIST_FILE = YES;
				INFOPLIST_FILE = ToDoList/Info.plist;
				INFOPLIST_KEY_UIApplicationSupportsIndirectInputEvents = YES;
				INFOPLIST_KEY_UILaunchStoryboardName = LaunchScreen;
				INFOPLIST_KEY_UISupportedInterfaceOrientations_iPad = "UIInterfaceOrientationPortrait UIInterfaceOrientationPortraitUpsideDown UIInterfaceOrientationLandscapeLeft UIInterfaceOrientationLandscapeRight";
				INFOPLIST_KEY_UISupportedInterfaceOrientations_iPhone = "UIInterfaceOrientationPortrait UIInterfaceOrientationLandscapeLeft UIInterfaceOrientationLandscapeRight";
				LD_RUNPATH_SEARCH_PATHS = (
					"$(inherited)",
					"@executable_path/Frameworks",
				);
				MARKETING_VERSION = 1.0;
				PRODUCT_BUNDLE_IDENTIFIER = br.com.maria.ToDoList;
				PRODUCT_NAME = "$(TARGET_NAME)";
				SWIFT_EMIT_LOC_STRINGS = YES;
				SWIFT_VERSION = 5.0;
				TARGETED_DEVICE_FAMILY = "1,2";
			};
			name = Debug;
		};
		4CA4CEFD299861CC0000FA6E /* Release */ = {
			isa = XCBuildConfiguration;
			baseConfigurationReference = C0F816153AE8BFAFB07FB9AE /* Pods-ToDoList.release.xcconfig */;
			buildSettings = {
				ASSETCATALOG_COMPILER_APPICON_NAME = AppIcon;
				ASSETCATALOG_COMPILER_GLOBAL_ACCENT_COLOR_NAME = AccentColor;
				CODE_SIGN_STYLE = Automatic;
				CURRENT_PROJECT_VERSION = 1;
				DEVELOPMENT_TEAM = 7NMU3M6S29;
				GENERATE_INFOPLIST_FILE = YES;
				INFOPLIST_FILE = ToDoList/Info.plist;
				INFOPLIST_KEY_UIApplicationSupportsIndirectInputEvents = YES;
				INFOPLIST_KEY_UILaunchStoryboardName = LaunchScreen;
				INFOPLIST_KEY_UISupportedInterfaceOrientations_iPad = "UIInterfaceOrientationPortrait UIInterfaceOrientationPortraitUpsideDown UIInterfaceOrientationLandscapeLeft UIInterfaceOrientationLandscapeRight";
				INFOPLIST_KEY_UISupportedInterfaceOrientations_iPhone = "UIInterfaceOrientationPortrait UIInterfaceOrientationLandscapeLeft UIInterfaceOrientationLandscapeRight";
				LD_RUNPATH_SEARCH_PATHS = (
					"$(inherited)",
					"@executable_path/Frameworks",
				);
				MARKETING_VERSION = 1.0;
				PRODUCT_BUNDLE_IDENTIFIER = br.com.maria.ToDoList;
				PRODUCT_NAME = "$(TARGET_NAME)";
				SWIFT_EMIT_LOC_STRINGS = YES;
				SWIFT_VERSION = 5.0;
				TARGETED_DEVICE_FAMILY = "1,2";
			};
			name = Release;
		};
		4CB42BE52A1D7A5500CC1FFF /* Debug */ = {
			isa = XCBuildConfiguration;
			buildSettings = {
				BUNDLE_LOADER = "$(TEST_HOST)";
				CODE_SIGN_STYLE = Automatic;
				CURRENT_PROJECT_VERSION = 1;
				DEVELOPMENT_TEAM = 7NMU3M6S29;
				GENERATE_INFOPLIST_FILE = YES;
				IPHONEOS_DEPLOYMENT_TARGET = 16.2;
				MACOSX_DEPLOYMENT_TARGET = 13.1;
				MARKETING_VERSION = 1.0;
				PRODUCT_BUNDLE_IDENTIFIER = br.com.maria.ToDoListTests;
				PRODUCT_NAME = "$(TARGET_NAME)";
				SDKROOT = auto;
				SUPPORTED_PLATFORMS = "iphoneos iphonesimulator macosx";
				SWIFT_EMIT_LOC_STRINGS = NO;
				SWIFT_VERSION = 5.0;
				TARGETED_DEVICE_FAMILY = "1,2";
				TEST_HOST = "$(BUILT_PRODUCTS_DIR)/ToDoList.app/$(BUNDLE_EXECUTABLE_FOLDER_PATH)/ToDoList";
			};
			name = Debug;
		};
		4CB42BE62A1D7A5500CC1FFF /* Release */ = {
			isa = XCBuildConfiguration;
			buildSettings = {
				BUNDLE_LOADER = "$(TEST_HOST)";
				CODE_SIGN_STYLE = Automatic;
				CURRENT_PROJECT_VERSION = 1;
				DEVELOPMENT_TEAM = 7NMU3M6S29;
				GENERATE_INFOPLIST_FILE = YES;
				IPHONEOS_DEPLOYMENT_TARGET = 16.2;
				MACOSX_DEPLOYMENT_TARGET = 13.1;
				MARKETING_VERSION = 1.0;
				PRODUCT_BUNDLE_IDENTIFIER = br.com.maria.ToDoListTests;
				PRODUCT_NAME = "$(TARGET_NAME)";
				SDKROOT = auto;
				SUPPORTED_PLATFORMS = "iphoneos iphonesimulator macosx";
				SWIFT_EMIT_LOC_STRINGS = NO;
				SWIFT_VERSION = 5.0;
				TARGETED_DEVICE_FAMILY = "1,2";
				TEST_HOST = "$(BUILT_PRODUCTS_DIR)/ToDoList.app/$(BUNDLE_EXECUTABLE_FOLDER_PATH)/ToDoList";
			};
			name = Release;
		};
/* End XCBuildConfiguration section */

/* Begin XCConfigurationList section */
		4CA4CEDF299861CB0000FA6E /* Build configuration list for PBXProject "ToDoList" */ = {
			isa = XCConfigurationList;
			buildConfigurations = (
				4CA4CEF9299861CC0000FA6E /* Debug */,
				4CA4CEFA299861CC0000FA6E /* Release */,
			);
			defaultConfigurationIsVisible = 0;
			defaultConfigurationName = Release;
		};
		4CA4CEFB299861CC0000FA6E /* Build configuration list for PBXNativeTarget "ToDoList" */ = {
			isa = XCConfigurationList;
			buildConfigurations = (
				4CA4CEFC299861CC0000FA6E /* Debug */,
				4CA4CEFD299861CC0000FA6E /* Release */,
			);
			defaultConfigurationIsVisible = 0;
			defaultConfigurationName = Release;
		};
		4CB42BE42A1D7A5500CC1FFF /* Build configuration list for PBXNativeTarget "ToDoListTests" */ = {
			isa = XCConfigurationList;
			buildConfigurations = (
				4CB42BE52A1D7A5500CC1FFF /* Debug */,
				4CB42BE62A1D7A5500CC1FFF /* Release */,
			);
			defaultConfigurationIsVisible = 0;
			defaultConfigurationName = Release;
		};
/* End XCConfigurationList section */

/* Begin XCVersionGroup section */
		4CA4CEF0299861CB0000FA6E /* ToDoList.xcdatamodeld */ = {
			isa = XCVersionGroup;
			children = (
				4CA4CEF1299861CB0000FA6E /* ToDoList.xcdatamodel */,
			);
			currentVersion = 4CA4CEF1299861CB0000FA6E /* ToDoList.xcdatamodel */;
			path = ToDoList.xcdatamodeld;
			sourceTree = "<group>";
			versionGroupType = wrapper.xcdatamodel;
		};
/* End XCVersionGroup section */
	};
	rootObject = 4CA4CEDC299861CB0000FA6E /* Project object */;
}
